
Microsoft Visual Studio Solution File, Format Version 12.00
# Visual Studio Version 16
VisualStudioVersion = 25.0.1705.4
MinimumVisualStudioVersion = 10.0.40219.1
Project("{FAE04EC0-301F-11D3-BF4B-00C04F79EFBC}") = "MyStoreAPI", "MyStoreAPI\MyStoreAPI.csproj", "{765BD5BB-4E55-4B23-81B3-6EB19DC07E3C}"
EndProject
Global
	GlobalSection(SolutionConfigurationPlatforms) = preSolution
		Debug|Any CPU = Debug|Any CPU
		Release|Any CPU = Release|Any CPU
	EndGlobalSection
	GlobalSection(ProjectConfigurationPlatforms) = postSolution
		{765BD5BB-4E55-4B23-81B3-6EB19DC07E3C}.Debug|Any CPU.ActiveCfg = Debug|Any CPU
		{765BD5BB-4E55-4B23-81B3-6EB19DC07E3C}.Debug|Any CPU.Build.0 = Debug|Any CPU
		{765BD5BB-4E55-4B23-81B3-6EB19DC07E3C}.Release|Any CPU.ActiveCfg = Release|Any CPU
		{765BD5BB-4E55-4B23-81B3-6EB19DC07E3C}.Release|Any CPU.Build.0 = Release|Any CPU
	EndGlobalSection
	GlobalSection(SolutionProperties) = preSolution
		HideSolutionNode = FALSE
	EndGlobalSection
	GlobalSection(ExtensibilityGlobals) = postSolution
		SolutionGuid = {F73024EB-CFD7-4272-A807-9A89BCE0FCF6}
	EndGlobalSection
EndGlobal
